
Microsoft Visual Studio Solution File, Format Version 12.00
# Visual Studio Version 17
VisualStudioVersion = 17.8.34330.188
MinimumVisualStudioVersion = 10.0.40219.1
Project("{FAE04EC0-301F-11D3-BF4B-00C04F79EFBC}") = "SteamAchievements", "SteamAchievements\SteamAchievements.csproj", "{1E6D8B98-3D8B-48FC-B575-1F01320B5AB8}"
EndProject
Project("{FAE04EC0-301F-11D3-BF4B-00C04F79EFBC}") = "SteamAchievements.WebServer", "SteamAchievements.WebServer\SteamAchievements.WebServer.csproj", "{35C73860-952D-4541-B8BF-554D91937A24}"
EndProject
Project("{FAE04EC0-301F-11D3-BF4B-00C04F79EFBC}") = "SteamAchievements.API", "SteamAchievements.API\SteamAchievements.API.csproj", "{6BA143B1-3197-44FA-969F-CFE049179FCE}"
EndProject
Global
	GlobalSection(SolutionConfigurationPlatforms) = preSolution
		Debug|Any CPU = Debug|Any CPU
		Release|Any CPU = Release|Any CPU
	EndGlobalSection
	GlobalSection(ProjectConfigurationPlatforms) = postSolution
		{1E6D8B98-3D8B-48FC-B575-1F01320B5AB8}.Debug|Any CPU.ActiveCfg = Debug|Any CPU
		{1E6D8B98-3D8B-48FC-B575-1F01320B5AB8}.Debug|Any CPU.Build.0 = Debug|Any CPU
		{1E6D8B98-3D8B-48FC-B575-1F01320B5AB8}.Release|Any CPU.ActiveCfg = Release|Any CPU
		{1E6D8B98-3D8B-48FC-B575-1F01320B5AB8}.Release|Any CPU.Build.0 = Release|Any CPU
		{35C73860-952D-4541-B8BF-554D91937A24}.Debug|Any CPU.ActiveCfg = Debug|Any CPU
		{35C73860-952D-4541-B8BF-554D91937A24}.Debug|Any CPU.Build.0 = Debug|Any CPU
		{35C73860-952D-4541-B8BF-554D91937A24}.Release|Any CPU.ActiveCfg = Release|Any CPU
		{35C73860-952D-4541-B8BF-554D91937A24}.Release|Any CPU.Build.0 = Release|Any CPU
		{6BA143B1-3197-44FA-969F-CFE049179FCE}.Debug|Any CPU.ActiveCfg = Debug|Any CPU
		{6BA143B1-3197-44FA-969F-CFE049179FCE}.Debug|Any CPU.Build.0 = Debug|Any CPU
		{6BA143B1-3197-44FA-969F-CFE049179FCE}.Release|Any CPU.ActiveCfg = Release|Any CPU
		{6BA143B1-3197-44FA-969F-CFE049179FCE}.Release|Any CPU.Build.0 = Release|Any CPU
	EndGlobalSection
	GlobalSection(SolutionProperties) = preSolution
		HideSolutionNode = FALSE
	EndGlobalSection
	GlobalSection(ExtensibilityGlobals) = postSolution
		SolutionGuid = {B9F2A912-799F-48F6-A5C2-B12AE82974B5}
	EndGlobalSection
EndGlobal
